{
  "version": 4,
  "terraform_version": "1.4.0",
  "serial": 33,
  "lineage": "15b851af-0e4e-17a8-dd25-895b94a201ee",
  "outputs": {},
  "resources": [
    {
      "mode": "managed",
      "type": "azurerm_resource_group",
      "name": "RG",
      "provider": "provider[\"registry.terraform.io/hashicorp/azurerm\"]",
      "instances": [
        {
          "schema_version": 0,
          "attributes": {
            "id": "/subscriptions/6fd71684-bf89-44f7-8265-2170f47e5427/resourceGroups/var.name",
            "location": "centralindia",
            "name": "var.name",
            "tags": null,
            "timeouts": null
          },
          "sensitive_attributes": [],
          "private": "eyJlMmJmYjczMC1lY2FhLTExZTYtOGY4OC0zNDM2M2JjN2M0YzAiOnsiY3JlYXRlIjo1NDAwMDAwMDAwMDAwLCJkZWxldGUiOjU0MDAwMDAwMDAwMDAsInJlYWQiOjMwMDAwMDAwMDAwMCwidXBkYXRlIjo1NDAwMDAwMDAwMDAwfX0="
        }
      ]
    },
    {
      "mode": "managed",
      "type": "azurerm_virtual_network",
      "name": "RG-VNET",
      "provider": "provider[\"registry.terraform.io/hashicorp/azurerm\"]",
      "instances": [
        {
          "schema_version": 0,
          "attributes": {
            "address_space": [
              "10.0.0.0/24"
            ],
            "bgp_community": "",
            "ddos_protection_plan": [],
            "dns_servers": [],
            "edge_zone": "",
            "flow_timeout_in_minutes": 0,
            "guid": "894074f6-0c33-49f0-b770-9c084b2e511f",
            "id": "/subscriptions/6fd71684-bf89-44f7-8265-2170f47e5427/resourceGroups/var.name/providers/Microsoft.Network/virtualNetworks/var.name",
            "location": "centralindia",
            "name": "var.name",
            "resource_group_name": "var.name",
            "subnet": [
              {
                "address_prefix": "10.0.0.0/24",
                "id": "/subscriptions/6fd71684-bf89-44f7-8265-2170f47e5427/resourceGroups/var.name/providers/Microsoft.Network/virtualNetworks/var.name/subnets/DBSubnet",
                "name": "DBSubnet",
                "security_group": ""
              }
            ],
            "tags": {
              "environment": "Production"
            },
            "timeouts": null
          },
          "sensitive_attributes": [],
          "private": "eyJlMmJmYjczMC1lY2FhLTExZTYtOGY4OC0zNDM2M2JjN2M0YzAiOnsiY3JlYXRlIjoxODAwMDAwMDAwMDAwLCJkZWxldGUiOjE4MDAwMDAwMDAwMDAsInJlYWQiOjMwMDAwMDAwMDAwMCwidXBkYXRlIjoxODAwMDAwMDAwMDAwfX0=",
          "dependencies": [
            "azurerm_resource_group.RG"
          ]
        }
      ]
    }
  ],
  "check_results": null
}
